
Microsoft Visual Studio Solution File, Format Version 12.00
# Visual Studio Version 17
VisualStudioVersion = 17.4.33110.190
MinimumVisualStudioVersion = 10.0.40219.1
Project("{FAE04EC0-301F-11D3-BF4B-00C04F79EFBC}") = "Demo5", "Demo5\Demo5.csproj", "{DE034445-75D1-49C5-9842-7526298F6FEA}"
EndProject
Global
	GlobalSection(SolutionConfigurationPlatforms) = preSolution
		Debug|Any CPU = Debug|Any CPU
		Release|Any CPU = Release|Any CPU
	EndGlobalSection
	GlobalSection(ProjectConfigurationPlatforms) = postSolution
		{DE034445-75D1-49C5-9842-7526298F6FEA}.Debug|Any CPU.ActiveCfg = Debug|Any CPU
		{DE034445-75D1-49C5-9842-7526298F6FEA}.Debug|Any CPU.Build.0 = Debug|Any CPU
		{DE034445-75D1-49C5-9842-7526298F6FEA}.Release|Any CPU.ActiveCfg = Release|Any CPU
		{DE034445-75D1-49C5-9842-7526298F6FEA}.Release|Any CPU.Build.0 = Release|Any CPU
	EndGlobalSection
	GlobalSection(SolutionProperties) = preSolution
		HideSolutionNode = FALSE
	EndGlobalSection
	GlobalSection(ExtensibilityGlobals) = postSolution
		SolutionGuid = {BDAB0DA0-A828-490D-8F1D-806E8CE49604}
	EndGlobalSection
EndGlobal
